{
  "requires": true,
  "lockfileVersion": 1,
  "dependencies": {
    "@types/qs": {
      "version": "6.5.0",
      "resolved": "https://registry.npmjs.org/@types/qs/-/qs-6.5.0.tgz",
      "integrity": "sha512-KCvdV85GNkZAyWOYxUUR+3XNairGv60Niu42GvVy9JlXRPEIZHXQuk0xMi/mla/25pLZzdY7uzLhBK/B81KZBg=="
    }
  }
}
